
Microsoft Visual Studio Solution File, Format Version 12.00
# Visual Studio Version 17
VisualStudioVersion = 17.13.35828.75 d17.13
MinimumVisualStudioVersion = 10.0.40219.1
Project("{FAE04EC0-301F-11D3-BF4B-00C04F79EFBC}") = "WooToDynConnector", "WooToDynConnector\WooToDynConnector.csproj", "{3EC98339-B281-450C-89BC-F218D40D4CFD}"
EndProject
Global
	GlobalSection(SolutionConfigurationPlatforms) = preSolution
		Debug|Any CPU = Debug|Any CPU
		Release|Any CPU = Release|Any CPU
	EndGlobalSection
	GlobalSection(ProjectConfigurationPlatforms) = postSolution
		{3EC98339-B281-450C-89BC-F218D40D4CFD}.Debug|Any CPU.ActiveCfg = Debug|Any CPU
		{3EC98339-B281-450C-89BC-F218D40D4CFD}.Debug|Any CPU.Build.0 = Debug|Any CPU
		{3EC98339-B281-450C-89BC-F218D40D4CFD}.Release|Any CPU.ActiveCfg = Release|Any CPU
		{3EC98339-B281-450C-89BC-F218D40D4CFD}.Release|Any CPU.Build.0 = Release|Any CPU
	EndGlobalSection
	GlobalSection(SolutionProperties) = preSolution
		HideSolutionNode = FALSE
	EndGlobalSection
	GlobalSection(ExtensibilityGlobals) = postSolution
		SolutionGuid = {5459851D-F5D1-4F8F-9819-62264309D5B7}
	EndGlobalSection
EndGlobal
